{
  "name": "LegalEaseAI",
  "lockfileVersion": 3,
  "requires": true,
  "packages": {
    "": {
      "dependencies": {
        "chakra": "^0.0.3",
        "ui": "^0.2.4"
      }
    },
    "node_modules/chakra": {
      "version": "0.0.3",
      "resolved": "https://registry.npmjs.org/chakra/-/chakra-0.0.3.tgz",
      "integrity": "sha512-KELGkVGvHQPdMcmUZLDTbiYoTsAuSjetq8zeUQm+YrF8mhLJAWNjZBPVkWSgrqH2ahRW1W3UEVzvTUGgFVbwlA==",
      "engines": {
        "node": "*"
      }
    },
    "node_modules/std": {
      "version": "0.1.40",
      "resolved": "https://registry.npmjs.org/std/-/std-0.1.40.tgz",
      "integrity": "sha512-wUf57hkDGCoVShrhPA8Q7lAg2Qosk+FaMlECmAsr1A4/rL2NRXFHQGBcgMUFKVkPEemJFW9gzjCQisRty14ohg==",
      "engines": {
        "node": "*"
      }
    },
    "node_modules/ui": {
      "version": "0.2.4",
      "resolved": "https://registry.npmjs.org/ui/-/ui-0.2.4.tgz",
      "integrity": "sha512-se2D+frb/i6JwFc7j72IEa0JADF8lfgc6ivOigaYkXHOuZRBtWe8R7UZ2YiXcbJ1dYNsjq40dn39rlNRxmVdPw==",
      "dependencies": {
        "std": "0.1.x"
      },
      "engines": {
        "node": "*"
      }
    }
  }
}
